
Microsoft Visual Studio Solution File, Format Version 12.00
# Visual Studio 15
Project("{FAE04EC0-301F-11D3-BF4B-00C04F79EFBC}") = "Assembly-CSharp", "Assembly-CSharp.csproj", "{5A1E2406-4EAE-D54F-ABD9-F29C5DFA8F1A}"
EndProject
Global
	GlobalSection(SolutionConfigurationPlatforms) = preSolution
		Debug|Any CPU = Debug|Any CPU
		Release|Any CPU = Release|Any CPU
	EndGlobalSection
	GlobalSection(ProjectConfigurationPlatforms) = postSolution
		{5A1E2406-4EAE-D54F-ABD9-F29C5DFA8F1A}.Debug|Any CPU.ActiveCfg = Debug|Any CPU
		{5A1E2406-4EAE-D54F-ABD9-F29C5DFA8F1A}.Debug|Any CPU.Build.0 = Debug|Any CPU
		{5A1E2406-4EAE-D54F-ABD9-F29C5DFA8F1A}.Release|Any CPU.ActiveCfg = Release|Any CPU
		{5A1E2406-4EAE-D54F-ABD9-F29C5DFA8F1A}.Release|Any CPU.Build.0 = Release|Any CPU
	EndGlobalSection
	GlobalSection(SolutionProperties) = preSolution
		HideSolutionNode = FALSE
	EndGlobalSection
EndGlobal
